// !$*UTF8*$!
{
	archiveVersion = 1;
	classes = {
	};
	objectVersion = 46;
	objects = {

/* Begin PBXBuildFile section */
		465D13C51BBD074C00C66B60 /* AppDelegate.swift in Sources */ = {isa = PBXBuildFile; fileRef = 465D13C41BBD074C00C66B60 /* AppDelegate.swift */; };
		465D13C71BBD074C00C66B60 /* ViewController.swift in Sources */ = {isa = PBXBuildFile; fileRef = 465D13C61BBD074C00C66B60 /* ViewController.swift */; };
		465D13CA1BBD074C00C66B60 /* Main.storyboard in Resources */ = {isa = PBXBuildFile; fileRef = 465D13C81BBD074C00C66B60 /* Main.storyboard */; };
		465D13CC1BBD074C00C66B60 /* Assets.xcassets in Resources */ = {isa = PBXBuildFile; fileRef = 465D13CB1BBD074C00C66B60 /* Assets.xcassets */; };
		465D13CF1BBD074C00C66B60 /* LaunchScreen.storyboard in Resources */ = {isa = PBXBuildFile; fileRef = 465D13CD1BBD074C00C66B60 /* LaunchScreen.storyboard */; };
/* End PBXBuildFile section */

/* Begin PBXFileReference section */
		465D13C11BBD074C00C66B60 /* Simple Weather.app */ = {isa = PBXFileReference; explicitFileType = wrapper.application; includeInIndex = 0; path = "Simple Weather.app"; sourceTree = BUILT_PRODUCTS_DIR; };
		465D13C41BBD074C00C66B60 /* AppDelegate.swift */ = {isa = PBXFileReference; lastKnownFileType = sourcecode.swift; path = AppDelegate.swift; sourceTree = "<group>"; };
		465D13C61BBD074C00C66B60 /* ViewController.swift */ = {isa = PBXFileReference; lastKnownFileType = sourcecode.swift; path = ViewController.swift; sourceTree = "<group>"; };
		465D13C91BBD074C00C66B60 /* Base */ = {isa = PBXFileReference; lastKnownFileType = file.storyboard; name = Base; path = Base.lproj/Main.storyboard; sourceTree = "<group>"; };
		465D13CB1BBD074C00C66B60 /* Assets.xcassets */ = {isa = PBXFileReference; lastKnownFileType = folder.assetcatalog; path = Assets.xcassets; sourceTree = "<group>"; };
		465D13CE1BBD074C00C66B60 /* Base */ = {isa = PBXFileReference; lastKnownFileType = file.storyboard; name = Base; path = Base.lproj/LaunchScreen.storyboard; sourceTree = "<group>"; };
		465D13D01BBD074C00C66B60 /* Info.plist */ = {isa = PBXFileReference; lastKnownFileType = text.plist.xml; path = Info.plist; sourceTree = "<group>"; };
/* End PBXFileReference section */

/* Begin PBXFrameworksBuildPhase section */
		465D13BE1BBD074C00C66B60 /* Frameworks */ = {
			isa = PBXFrameworksBuildPhase;
			buildActionMask = 2147483647;
			files = (
			);
			runOnlyForDeploymentPostprocessing = 0;
		};
/* End PBXFrameworksBuildPhase section */

/* Begin PBXGroup section */
		465D13B81BBD074C00C66B60 = {
			isa = PBXGroup;
			children = (
				465D13C31BBD074C00C66B60 /* Simple Weather */,
				465D13C21BBD074C00C66B60 /* Products */,
			);
			sourceTree = "<group>";
		};
		465D13C21BBD074C00C66B60 /* Products */ = {
			isa = PBXGroup;
			children = (
				465D13C11BBD074C00C66B60 /* Simple Weather.app */,
			);
			name = Products;
			sourceTree = "<group>";
		};
		465D13C31BBD074C00C66B60 /* Simple Weather */ = {
			isa = PBXGroup;
			children = (
				465D13C41BBD074C00C66B60 /* AppDelegate.swift */,
				465D13C61BBD074C00C66B60 /* ViewController.swift */,
				465D13C81BBD074C00C66B60 /* Main.storyboard */,
				465D13CB1BBD074C00C66B60 /* Assets.xcassets */,
				465D13CD1BBD074C00C66B60 /* LaunchScreen.storyboard */,
				465D13D01BBD074C00C66B60 /* Info.plist */,
			);
			path = "Simple Weather";
			sourceTree = "<group>";
		};
/* End PBXGroup section */

/* Begin PBXNativeTarget section */
		465D13C01BBD074C00C66B60 /* Simple Weather */ = {
			isa = PBXNativeTarget;
			buildConfigurationList = 465D13D31BBD074C00C66B60 /* Build configuration list for PBXNativeTarget "Simple Weather" */;
			buildPhases = (
				465D13BD1BBD074C00C66B60 /* Sources */,
				465D13BE1BBD074C00C66B60 /* Frameworks */,
				465D13BF1BBD074C00C66B60 /* Resources */,
			);
			buildRules = (
			);
			dependencies = (
			);
			name = "Simple Weather";
			productName = "Simple Weather";
			productReference = 465D13C11BBD074C00C66B60 /* Simple Weather.app */;
			productType = "com.apple.product-type.application";
		};
/* End PBXNativeTarget section */

/* Begin PBXProject section */
		465D13B91BBD074C00C66B60 /* Project object */ = {
			isa = PBXProject;
			attributes = {
				LastUpgradeCheck = 0710;
				ORGANIZATIONNAME = "Andrew Breckenridge";
				TargetAttributes = {
					465D13C01BBD074C00C66B60 = {
						CreatedOnToolsVersion = 7.1;
					};
				};
			};
			buildConfigurationList = 465D13BC1BBD074C00C66B60 /* Build configuration list for PBXProject "Simple Weather" */;
			compatibilityVersion = "Xcode 3.2";
			developmentRegion = English;
			hasScannedForEncodings = 0;
			knownRegions = (
				en,
				Base,
			);
			mainGroup = 465D13B81BBD074C00C66B60;
			productRefGroup = 465D13C21BBD074C00C66B60 /* Products */;
			projectDirPath = "";
			projectRoot = "";
			targets = (
				465D13C01BBD074C00C66B60 /* Simple Weather */,
			);
		};
/* End PBXProject section */

/* Begin PBXResourcesBuildPhase section */
		465D13BF1BBD074C00C66B60 /* Resources */ = {
			isa = PBXResourcesBuildPhase;
			buildActionMask = 2147483647;
			files = (
				465D13CF1BBD074C00C66B60 /* LaunchScreen.storyboard in Resources */,
				465D13CC1BBD074C00C66B60 /* Assets.xcassets in Resources */,
				465D13CA1BBD074C00C66B60 /* Main.storyboard in Resources */,
			);
			runOnlyForDeploymentPostprocessing = 0;
		};
/* End PBXResourcesBuildPhase section */

/* Begin PBXSourcesBuildPhase section */
		465D13BD1BBD074C00C66B60 /* Sources */ = {
			isa = PBXSourcesBuildPhase;
			buildActionMask = 2147483647;
			files = (
				465D13C71BBD074C00C66B60 /* ViewController.swift in Sources */,
				465D13C51BBD074C00C66B60 /* AppDelegate.swift in Sources */,
			);
			runOnlyForDeploymentPostprocessing = 0;
		};
/* End PBXSourcesBuildPhase section */

/* Begin PBXVariantGroup section */
		465D13C81BBD074C00C66B60 /* Main.storyboard */ = {
			isa = PBXVariantGroup;
			children = (
				465D13C91BBD074C00C66B60 /* Base */,
			);
			name = Main.storyboard;
			sourceTree = "<group>";
		};
		465D13CD1BBD074C00C66B60 /* LaunchScreen.storyboard */ = {
			isa = PBXVariantGroup;
			children = (
				465D13CE1BBD074C00C66B60 /* Base */,
			);
			name = LaunchScreen.storyboard;
			sourceTree = "<group>";
		};
/* End PBXVariantGroup section */

/* Begin XCBuildConfiguration section */
		465D13D11BBD074C00C66B60 /* Debug */ = {
			isa = XCBuildConfiguration;
			buildSettings = {
				ALWAYS_SEARCH_USER_PATHS = NO;
				CLANG_CXX_LANGUAGE_STANDARD = "gnu++0x";
				CLANG_CXX_LIBRARY = "libc++";
				CLANG_ENABLE_MODULES = YES;
				CLANG_ENABLE_OBJC_ARC = YES;
				CLANG_WARN_BOOL_CONVERSION = YES;
				CLANG_WARN_CONSTANT_CONVERSION = YES;
				CLANG_WARN_DIRECT_OBJC_ISA_USAGE = YES_ERROR;
				CLANG_WARN_EMPTY_BODY = YES;
				CLANG_WARN_ENUM_CONVERSION = YES;
				CLANG_WARN_INT_CONVERSION = YES;
				CLANG_WARN_OBJC_ROOT_CLASS = YES_ERROR;
				CLANG_WARN_UNREACHABLE_CODE = YES;
				CLANG_WARN__DUPLICATE_METHOD_MATCH = YES;
				"CODE_SIGN_IDENTITY[sdk=iphoneos*]" = "iPhone Developer";
				COPY_PHASE_STRIP = NO;
				DEBUG_INFORMATION_FORMAT = dwarf;
				ENABLE_STRICT_OBJC_MSGSEND = YES;
				ENABLE_TESTABILITY = YES;
				GCC_C_LANGUAGE_STANDARD = gnu99;
				GCC_DYNAMIC_NO_PIC = NO;
				GCC_NO_COMMON_BLOCKS = YES;
				GCC_OPTIMIZATION_LEVEL = 0;
				GCC_PREPROCESSOR_DEFINITIONS = (
					"DEBUG=1",
					"$(inherited)",
				);
				GCC_WARN_64_TO_32_BIT_CONVERSION = YES;
				GCC_WARN_ABOUT_RETURN_TYPE = YES_ERROR;
				GCC_WARN_UNDECLARED_SELECTOR = YES;
				GCC_WARN_UNINITIALIZED_AUTOS = YES_AGGRESSIVE;
				GCC_WARN_UNUSED_FUNCTION = YES;
				GCC_WARN_UNUSED_VARIABLE = YES;
				IPHONEOS_DEPLOYMENT_TARGET = 9.1;
				MTL_ENABLE_DEBUG_INFO = YES;
				ONLY_ACTIVE_ARCH = YES;
				SDKROOT = iphoneos;
				SWIFT_OPTIMIZATION_LEVEL = "-Onone";
			};
			name = Debug;
		};
		465D13D21BBD074C00C66B60 /* Release */ = {
			isa = XCBuildConfiguration;
			buildSettings = {
				ALWAYS_SEARCH_USER_PATHS = NO;
				CLANG_CXX_LANGUAGE_STANDARD = "gnu++0x";
				CLANG_CXX_LIBRARY = "libc++";
				CLANG_ENABLE_MODULES = YES;
				CLANG_ENABLE_OBJC_ARC = YES;
				CLANG_WARN_BOOL_CONVERSION = YES;
				CLANG_WARN_CONSTANT_CONVERSION = YES;
				CLANG_WARN_DIRECT_OBJC_ISA_USAGE = YES_ERROR;
				CLANG_WARN_EMPTY_BODY = YES;
				CLANG_WARN_ENUM_CONVERSION = YES;
				CLANG_WARN_INT_CONVERSION = YES;
				CLANG_WARN_OBJC_ROOT_CLASS = YES_ERROR;
				CLANG_WARN_UNREACHABLE_CODE = YES;
				CLANG_WARN__DUPLICATE_METHOD_MATCH = YES;
				"CODE_SIGN_IDENTITY[sdk=iphoneos*]" = "iPhone Developer";
				COPY_PHASE_STRIP = NO;
				DEBUG_INFORMATION_FORMAT = "dwarf-with-dsym";
				ENABLE_NS_ASSERTIONS = NO;
				ENABLE_STRICT_OBJC_MSGSEND = YES;
				GCC_C_LANGUAGE_STANDARD = gnu99;
				GCC_NO_COMMON_BLOCKS = YES;
				GCC_WARN_64_TO_32_BIT_CONVERSION = YES;
				GCC_WARN_ABOUT_RETURN_TYPE = YES_ERROR;
				GCC_WARN_UNDECLARED_SELECTOR = YES;
				GCC_WARN_UNINITIALIZED_AUTOS = YES_AGGRESSIVE;
				GCC_WARN_UNUSED_FUNCTION = YES;
				GCC_WARN_UNUSED_VARIABLE = YES;
				IPHONEOS_DEPLOYMENT_TARGET = 9.1;
				MTL_ENABLE_DEBUG_INFO = NO;
				SDKROOT = iphoneos;
				VALIDATE_PRODUCT = YES;
			};
			name = Release;
		};
		465D13D41BBD074C00C66B60 /* Debug */ = {
			isa = XCBuildConfiguration;
			buildSettings = {
				ASSETCATALOG_COMPILER_APPICON_NAME = AppIcon;
				INFOPLIST_FILE = "Simple Weather/Info.plist";
				LD_RUNPATH_SEARCH_PATHS = "$(inherited) @executable_path/Frameworks";
				PRODUCT_BUNDLE_IDENTIFIER = "tfw.Simple-Weather";
				PRODUCT_NAME = "$(TARGET_NAME)";
			};
			name = Debug;
		};
		465D13D51BBD074C00C66B60 /* Release */ = {
			isa = XCBuildConfiguration;
			buildSettings = {
				ASSETCATALOG_COMPILER_APPICON_NAME = AppIcon;
				INFOPLIST_FILE = "Simple Weather/Info.plist";
				LD_RUNPATH_SEARCH_PATHS = "$(inherited) @executable_path/Frameworks";
				PRODUCT_BUNDLE_IDENTIFIER = "tfw.Simple-Weather";
				PRODUCT_NAME = "$(TARGET_NAME)";
			};
			name = Release;
		};
/* End XCBuildConfiguration section */

/* Begin XCConfigurationList section */
		465D13BC1BBD074C00C66B60 /* Build configuration list for PBXProject "Simple Weather" */ = {
			isa = XCConfigurationList;
			buildConfigurations = (
				465D13D11BBD074C00C66B60 /* Debug */,
				465D13D21BBD074C00C66B60 /* Release */,
			);
			defaultConfigurationIsVisible = 0;
			defaultConfigurationName = Release;
		};
		465D13D31BBD074C00C66B60 /* Build configuration list for PBXNativeTarget "Simple Weather" */ = {
			isa = XCConfigurationList;
			buildConfigurations = (
				465D13D41BBD074C00C66B60 /* Debug */,
				465D13D51BBD074C00C66B60 /* Release */,
			);
			defaultConfigurationIsVisible = 0;
		};
/* End XCConfigurationList section */
	};
	rootObject = 465D13B91BBD074C00C66B60 /* Project object */;
}
