PODS:
  - GoogleAnalytics-iOS-SDK (3.0.6)
  - LBBlurredImage (0.2.0)
  - QBFlatButton (1.0)
  - SVProgressHUD (1.0)

DEPENDENCIES:
  - GoogleAnalytics-iOS-SDK
  - LBBlurredImage
  - QBFlatButton
  - SVProgressHUD

SPEC CHECKSUMS:
  GoogleAnalytics-iOS-SDK: 4577fb25381a71c5beac455b18ebb288fc4f44e9
  LBBlurredImage: 30cc42be977bbcece286d26d2d9c08b8be7f05e8
  QBFlatButton: 06548c44a2fdfecf7ce7d668bbde60184127d979
  SVProgressHUD: 5034c6e22b8c2ca3e09402e48d41ed0340aa1c50

COCOAPODS: 0.33.1
