PODS:
  - GoogleAnalytics-iOS-SDK (3.11):
    - GoogleAnalytics-iOS-SDK/Core (= 3.11)
  - GoogleAnalytics-iOS-SDK/Core (3.11)
  - LBBlurredImage (0.2.2)
  - MZAppearance (1.1.4)
  - MZFormSheetController (3.0.3):
    - MZAppearance
    - MZFormSheetController/Core (= 3.0.3)
  - MZFormSheetController/Core (3.0.3):
    - MZAppearance
  - QBFlatButton (1.1)
  - SVProgressHUD (1.1.3)
  - WYPopoverController (0.3.7)

DEPENDENCIES:
  - GoogleAnalytics-iOS-SDK
  - LBBlurredImage
  - MZFormSheetController
  - QBFlatButton
  - SVProgressHUD
  - WYPopoverController

SPEC CHECKSUMS:
  GoogleAnalytics-iOS-SDK: fb15cc7e3d01d06d531653f37443fda90274d53d
  LBBlurredImage: 700634c17922bc2d22343118e7deb6a3ca12db43
  MZAppearance: 417ac97a5dd739329545e44372e06f715b7e5c15
  MZFormSheetController: 36771856696eeef2eaec9b18c75791d3c95cb661
  QBFlatButton: 3cf272985cdbdd04d6bc8b7ae01e4dd62cb09c17
  SVProgressHUD: 748080e4f36e603f6c02aec292664239df5279c1
  WYPopoverController: ebefa50c477bdbbd9dc992dfdffafa168c4484eb

COCOAPODS: 0.36.4
